
Microsoft Visual Studio Solution File, Format Version 12.00
# Visual Studio Version 16
VisualStudioVersion = 16.0.32510.428
MinimumVisualStudioVersion = 10.0.40219.1
Project("{FAE04EC0-301F-11D3-BF4B-00C04F79EFBC}") = "PPK", "PPK.csproj", "{324729C1-D45D-4573-ABC3-783C0AC5A04C}"
EndProject
Global
	GlobalSection(SolutionConfigurationPlatforms) = preSolution
		Debug|Any CPU = Debug|Any CPU
		Release|Any CPU = Release|Any CPU
	EndGlobalSection
	GlobalSection(ProjectConfigurationPlatforms) = postSolution
		{324729C1-D45D-4573-ABC3-783C0AC5A04C}.Debug|Any CPU.ActiveCfg = Debug|Any CPU
		{324729C1-D45D-4573-ABC3-783C0AC5A04C}.Debug|Any CPU.Build.0 = Debug|Any CPU
		{324729C1-D45D-4573-ABC3-783C0AC5A04C}.Release|Any CPU.ActiveCfg = Release|Any CPU
		{324729C1-D45D-4573-ABC3-783C0AC5A04C}.Release|Any CPU.Build.0 = Release|Any CPU
	EndGlobalSection
	GlobalSection(SolutionProperties) = preSolution
		HideSolutionNode = FALSE
	EndGlobalSection
	GlobalSection(ExtensibilityGlobals) = postSolution
		SolutionGuid = {B9A9FD5B-4A9D-43C2-9403-1A099B9749EE}
	EndGlobalSection
EndGlobal
